
Microsoft Visual Studio Solution File, Format Version 12.00
# Visual Studio Version 17
VisualStudioVersion = 17.11.35312.102
MinimumVisualStudioVersion = 10.0.40219.1
Project("{FAE04EC0-301F-11D3-BF4B-00C04F79EFBC}") = "Kitap", "Kitap\Kitap.csproj", "{791B8214-4B44-49FD-A93D-E5FC9C5737BC}"
EndProject
Global
	GlobalSection(SolutionConfigurationPlatforms) = preSolution
		Debug|Any CPU = Debug|Any CPU
		Release|Any CPU = Release|Any CPU
	EndGlobalSection
	GlobalSection(ProjectConfigurationPlatforms) = postSolution
		{791B8214-4B44-49FD-A93D-E5FC9C5737BC}.Debug|Any CPU.ActiveCfg = Debug|Any CPU
		{791B8214-4B44-49FD-A93D-E5FC9C5737BC}.Debug|Any CPU.Build.0 = Debug|Any CPU
		{791B8214-4B44-49FD-A93D-E5FC9C5737BC}.Release|Any CPU.ActiveCfg = Release|Any CPU
		{791B8214-4B44-49FD-A93D-E5FC9C5737BC}.Release|Any CPU.Build.0 = Release|Any CPU
	EndGlobalSection
	GlobalSection(SolutionProperties) = preSolution
		HideSolutionNode = FALSE
	EndGlobalSection
	GlobalSection(ExtensibilityGlobals) = postSolution
		SolutionGuid = {F446BBF8-A14F-43E5-B670-A4B2DC873ED0}
	EndGlobalSection
EndGlobal
